
Microsoft Visual Studio Solution File, Format Version 12.00
# Visual Studio Version 16
VisualStudioVersion = 16.0.32802.440
MinimumVisualStudioVersion = 10.0.40219.1
Project("{FAE04EC0-301F-11D3-BF4B-00C04F79EFBC}") = "BranchingAssignment", "BranchingAssignment\BranchingAssignment.csproj", "{50BF73C8-5A60-4715-BBC8-770CE23469AB}"
EndProject
Global
	GlobalSection(SolutionConfigurationPlatforms) = preSolution
		Debug|Any CPU = Debug|Any CPU
		Release|Any CPU = Release|Any CPU
	EndGlobalSection
	GlobalSection(ProjectConfigurationPlatforms) = postSolution
		{50BF73C8-5A60-4715-BBC8-770CE23469AB}.Debug|Any CPU.ActiveCfg = Debug|Any CPU
		{50BF73C8-5A60-4715-BBC8-770CE23469AB}.Debug|Any CPU.Build.0 = Debug|Any CPU
		{50BF73C8-5A60-4715-BBC8-770CE23469AB}.Release|Any CPU.ActiveCfg = Release|Any CPU
		{50BF73C8-5A60-4715-BBC8-770CE23469AB}.Release|Any CPU.Build.0 = Release|Any CPU
	EndGlobalSection
	GlobalSection(SolutionProperties) = preSolution
		HideSolutionNode = FALSE
	EndGlobalSection
	GlobalSection(ExtensibilityGlobals) = postSolution
		SolutionGuid = {AA23B50E-9AC1-44C3-B37F-53FDED8C703F}
	EndGlobalSection
EndGlobal
