
Microsoft Visual Studio Solution File, Format Version 12.00
# Visual Studio Version 16
VisualStudioVersion = 16.0.32802.440
MinimumVisualStudioVersion = 10.0.40219.1
Project("{FAE04EC0-301F-11D3-BF4B-00C04F79EFBC}") = "MathAssignment", "MathAssignment\MathAssignment.csproj", "{D40D6A4A-972D-4D18-9594-4918226E97F1}"
EndProject
Global
	GlobalSection(SolutionConfigurationPlatforms) = preSolution
		Debug|Any CPU = Debug|Any CPU
		Release|Any CPU = Release|Any CPU
	EndGlobalSection
	GlobalSection(ProjectConfigurationPlatforms) = postSolution
		{D40D6A4A-972D-4D18-9594-4918226E97F1}.Debug|Any CPU.ActiveCfg = Debug|Any CPU
		{D40D6A4A-972D-4D18-9594-4918226E97F1}.Debug|Any CPU.Build.0 = Debug|Any CPU
		{D40D6A4A-972D-4D18-9594-4918226E97F1}.Release|Any CPU.ActiveCfg = Release|Any CPU
		{D40D6A4A-972D-4D18-9594-4918226E97F1}.Release|Any CPU.Build.0 = Release|Any CPU
	EndGlobalSection
	GlobalSection(SolutionProperties) = preSolution
		HideSolutionNode = FALSE
	EndGlobalSection
	GlobalSection(ExtensibilityGlobals) = postSolution
		SolutionGuid = {DC38D330-CEA4-42E1-A97B-22F2BBF56533}
	EndGlobalSection
EndGlobal
