
Microsoft Visual Studio Solution File, Format Version 12.00
# Visual Studio Version 16
VisualStudioVersion = 16.0.32802.440
MinimumVisualStudioVersion = 10.0.40219.1
Project("{FAE04EC0-301F-11D3-BF4B-00C04F79EFBC}") = "MethodAssignment2", "MethodAssignment2\MethodAssignment2.csproj", "{3FC01BB3-ECF2-43FE-A9A1-C3F8C9319E6D}"
EndProject
Global
	GlobalSection(SolutionConfigurationPlatforms) = preSolution
		Debug|Any CPU = Debug|Any CPU
		Release|Any CPU = Release|Any CPU
	EndGlobalSection
	GlobalSection(ProjectConfigurationPlatforms) = postSolution
		{3FC01BB3-ECF2-43FE-A9A1-C3F8C9319E6D}.Debug|Any CPU.ActiveCfg = Debug|Any CPU
		{3FC01BB3-ECF2-43FE-A9A1-C3F8C9319E6D}.Debug|Any CPU.Build.0 = Debug|Any CPU
		{3FC01BB3-ECF2-43FE-A9A1-C3F8C9319E6D}.Release|Any CPU.ActiveCfg = Release|Any CPU
		{3FC01BB3-ECF2-43FE-A9A1-C3F8C9319E6D}.Release|Any CPU.Build.0 = Release|Any CPU
	EndGlobalSection
	GlobalSection(SolutionProperties) = preSolution
		HideSolutionNode = FALSE
	EndGlobalSection
	GlobalSection(ExtensibilityGlobals) = postSolution
		SolutionGuid = {21444244-8781-47D6-9094-34AED732A5F3}
	EndGlobalSection
EndGlobal
